// !$*UTF8*$!
{
	archiveVersion = 1;
	classes = {
	};
	objectVersion = 77;
	objects = {

/* Begin PBXBuildFile section */
		962FBBB32FB08888001B7AA2 /* Zip in Frameworks */ = {isa = PBXBuildFile; productRef = 962FBBB22FB08888001B7AA2 /* Zip */; };
		962FBBB42FB08888001B7AA2 /* Zip in Frameworks */ = {isa = PBXBuildFile; productRef = 962FBBB22FB08888001B7AA2 /* Zip */; };
		962FBBB52FB08888001B7AA2 /* Zip in Frameworks */ = {isa = PBXBuildFile; productRef = 962FBBB22FB08888001B7AA2 /* Zip */; };
		962FBBB62FB08888001B7AA2 /* Zip in Frameworks */ = {isa = PBXBuildFile; productRef = 962FBBB22FB08888001B7AA2 /* Zip */; };
		962FBBB72FB08888001B7AA2 /* Zip in Frameworks */ = {isa = PBXBuildFile; productRef = 962FBBB22FB08888001B7AA2 /* Zip */; };
		967B9A5B2DD8D68D00181AA1 /* YABAStatusMenuItem.app in Resources */ = {isa = PBXBuildFile; fileRef = 967B9A4B2DD8D3EF00181AA1 /* YABAStatusMenuItem.app */; platformFilter = maccatalyst; };
		967B9A5F2DD8D6E400181AA1 /* YABAStatusMenuItem.app in Copy Menu Item */ = {isa = PBXBuildFile; fileRef = 967B9A4B2DD8D3EF00181AA1 /* YABAStatusMenuItem.app */; platformFilter = maccatalyst; settings = {ATTRIBUTES = (RemoveHeadersOnCopy, ); }; };
		96A8E0B82DB5CAFF00A47601 /* YABAShare.appex in Embed Foundation Extensions */ = {isa = PBXBuildFile; fileRef = 96A8E0AE2DB5CAFF00A47601 /* YABAShare.appex */; platformFilter = ios; settings = {ATTRIBUTES = (RemoveHeadersOnCopy, ); }; };
		96D262F42E6CA6C4007F4285 /* YABA_Icon.icon in Resources */ = {isa = PBXBuildFile; fileRef = 96D262F32E6CA6C4007F4285 /* YABA_Icon.icon */; };
		96D262F52E6CA6C4007F4285 /* YABA_Icon.icon in Resources */ = {isa = PBXBuildFile; fileRef = 96D262F32E6CA6C4007F4285 /* YABA_Icon.icon */; };
		96D262F62E6CA6C4007F4285 /* YABA_Icon.icon in Resources */ = {isa = PBXBuildFile; fileRef = 96D262F32E6CA6C4007F4285 /* YABA_Icon.icon */; };
		96D262F72E6CA6C4007F4285 /* YABA_Icon.icon in Resources */ = {isa = PBXBuildFile; fileRef = 96D262F32E6CA6C4007F4285 /* YABA_Icon.icon */; };
		96D262F92E6CA6C4007F4285 /* YABA_Icon.icon in Resources */ = {isa = PBXBuildFile; fileRef = 96D262F32E6CA6C4007F4285 /* YABA_Icon.icon */; };
		96DC37F22F9554D2005760E3 /* WebComponents in Resources */ = {isa = PBXBuildFile; fileRef = 96DC37F12F9554D2005760E3 /* WebComponents */; };
		96DCA2472F9D6FD6005760E3 /* SwiftSoup in Frameworks */ = {isa = PBXBuildFile; productRef = 96DCA2462F9D6FD6005760E3 /* SwiftSoup */; };
		96DCA25A2F9D7002005760E3 /* SwiftSoup in Frameworks */ = {isa = PBXBuildFile; productRef = 96DCA2462F9D6FD6005760E3 /* SwiftSoup */; };
		96DCA25C2F9D7002005760E3 /* SwiftSoup in Frameworks */ = {isa = PBXBuildFile; productRef = 96DCA2462F9D6FD6005760E3 /* SwiftSoup */; };
		96DCA25E2F9D7002005760E3 /* SwiftSoup in Frameworks */ = {isa = PBXBuildFile; productRef = 96DCA2462F9D6FD6005760E3 /* SwiftSoup */; };
		96DCA2602F9D7002005760E3 /* SwiftSoup in Frameworks */ = {isa = PBXBuildFile; productRef = 96DCA2462F9D6FD6005760E3 /* SwiftSoup */; };
		96EA39732E56380700B8411D /* YABAKeyboard.appex in Embed Foundation Extensions */ = {isa = PBXBuildFile; fileRef = 96EA396C2E56380700B8411D /* YABAKeyboard.appex */; platformFilter = ios; settings = {ATTRIBUTES = (RemoveHeadersOnCopy, ); }; };
		96EA39BD2E58EB8F00B8411D /* WidgetKit.framework in Frameworks */ = {isa = PBXBuildFile; fileRef = 96EA39BC2E58EB8F00B8411D /* WidgetKit.framework */; };
		96EA39BF2E58EB8F00B8411D /* SwiftUI.framework in Frameworks */ = {isa = PBXBuildFile; fileRef = 96EA39BE2E58EB8F00B8411D /* SwiftUI.framework */; };
		96EA39CD2E58EB9000B8411D /* YABAWidgetsExtension.appex in Embed Foundation Extensions */ = {isa = PBXBuildFile; fileRef = 96EA39BB2E58EB8E00B8411D /* YABAWidgetsExtension.appex */; settings = {ATTRIBUTES = (RemoveHeadersOnCopy, ); }; };
		96EB26D22FAE65A0001B7DB4 /* SwiftCSV in Frameworks */ = {isa = PBXBuildFile; productRef = 96EB26D12FAE65A0001B7DB4 /* SwiftCSV */; };
		96EB27022FAF381A001B7DB4 /* ReadiumNavigator in Frameworks */ = {isa = PBXBuildFile; productRef = 96EB27012FAF381A001B7DB4 /* ReadiumNavigator */; };
		96EB27042FAF381A001B7DB4 /* ReadiumShared in Frameworks */ = {isa = PBXBuildFile; productRef = 96EB27032FAF381A001B7DB4 /* ReadiumShared */; };
		96EB27062FAF381A001B7DB4 /* ReadiumStreamer in Frameworks */ = {isa = PBXBuildFile; productRef = 96EB27052FAF381A001B7DB4 /* ReadiumStreamer */; };
		96EB2ED22FAFE402001B7DB4 /* WebComponents in Resources */ = {isa = PBXBuildFile; fileRef = 96DC37F12F9554D2005760E3 /* WebComponents */; };
/* End PBXBuildFile section */

/* Begin PBXContainerItemProxy section */
		967B9A5C2DD8D68D00181AA1 /* PBXContainerItemProxy */ = {
			isa = PBXContainerItemProxy;
			containerPortal = 96A8DFBA2DB2F5A500A47601 /* Project object */;
			proxyType = 1;
			remoteGlobalIDString = 967B9A4A2DD8D3EF00181AA1;
			remoteInfo = YABAStatusMenuItem;
		};
		96A8E0B62DB5CAFF00A47601 /* PBXContainerItemProxy */ = {
			isa = PBXContainerItemProxy;
			containerPortal = 96A8DFBA2DB2F5A500A47601 /* Project object */;
			proxyType = 1;
			remoteGlobalIDString = 96A8E0AD2DB5CAFF00A47601;
			remoteInfo = YABAShare;
		};
		96EA39712E56380700B8411D /* PBXContainerItemProxy */ = {
			isa = PBXContainerItemProxy;
			containerPortal = 96A8DFBA2DB2F5A500A47601 /* Project object */;
			proxyType = 1;
			remoteGlobalIDString = 96EA396B2E56380700B8411D;
			remoteInfo = YABAKeyboard;
		};
		96EA39CB2E58EB9000B8411D /* PBXContainerItemProxy */ = {
			isa = PBXContainerItemProxy;
			containerPortal = 96A8DFBA2DB2F5A500A47601 /* Project object */;
			proxyType = 1;
			remoteGlobalIDString = 96EA39BA2E58EB8E00B8411D;
			remoteInfo = YABAWidgetsExtension;
		};
/* End PBXContainerItemProxy section */

/* Begin PBXCopyFilesBuildPhase section */
		967B9A5E2DD8D6D000181AA1 /* Copy Menu Item */ = {
			isa = PBXCopyFilesBuildPhase;
			buildActionMask = 2147483647;
			dstPath = Contents/Library/LoginItems;
			dstSubfolderSpec = 1;
			files = (
				967B9A5F2DD8D6E400181AA1 /* YABAStatusMenuItem.app in Copy Menu Item */,
			);
			name = "Copy Menu Item";
			runOnlyForDeploymentPostprocessing = 0;
		};
		96A8E0BD2DB5CAFF00A47601 /* Embed Foundation Extensions */ = {
			isa = PBXCopyFilesBuildPhase;
			buildActionMask = 12;
			dstPath = "";
			dstSubfolderSpec = 13;
			files = (
				96A8E0B82DB5CAFF00A47601 /* YABAShare.appex in Embed Foundation Extensions */,
				96EA39732E56380700B8411D /* YABAKeyboard.appex in Embed Foundation Extensions */,
				96EA39CD2E58EB9000B8411D /* YABAWidgetsExtension.appex in Embed Foundation Extensions */,
			);
			name = "Embed Foundation Extensions";
			runOnlyForDeploymentPostprocessing = 0;
		};
/* End PBXCopyFilesBuildPhase section */

/* Begin PBXFileReference section */
		967242ED2F9ECF410087D617 /* MarkdownParser.xcframework */ = {isa = PBXFileReference; lastKnownFileType = wrapper.xcframework; name = MarkdownParser.xcframework; path = "../Markdown/markdown-parser/build/XCFrameworks/release/MarkdownParser.xcframework"; sourceTree = "<group>"; };
		967B9A4B2DD8D3EF00181AA1 /* YABAStatusMenuItem.app */ = {isa = PBXFileReference; explicitFileType = wrapper.application; includeInIndex = 0; path = YABAStatusMenuItem.app; sourceTree = BUILT_PRODUCTS_DIR; };
		96A8DFC22DB2F5A500A47601 /* YABA.app */ = {isa = PBXFileReference; explicitFileType = wrapper.application; includeInIndex = 0; path = YABA.app; sourceTree = BUILT_PRODUCTS_DIR; };
		96A8E0AE2DB5CAFF00A47601 /* YABAShare.appex */ = {isa = PBXFileReference; explicitFileType = "wrapper.app-extension"; includeInIndex = 0; path = YABAShare.appex; sourceTree = BUILT_PRODUCTS_DIR; };
		96D262F32E6CA6C4007F4285 /* YABA_Icon.icon */ = {isa = PBXFileReference; lastKnownFileType = folder.iconcomposer.icon; path = YABA_Icon.icon; sourceTree = "<group>"; };
		96DC37F12F9554D2005760E3 /* WebComponents */ = {isa = PBXFileReference; lastKnownFileType = folder; name = WebComponents; path = "../Extensions/yaba-web-components/WebComponents"; sourceTree = "<group>"; };
		96EA396C2E56380700B8411D /* YABAKeyboard.appex */ = {isa = PBXFileReference; explicitFileType = "wrapper.app-extension"; includeInIndex = 0; path = YABAKeyboard.appex; sourceTree = BUILT_PRODUCTS_DIR; };
		96EA39BB2E58EB8E00B8411D /* YABAWidgetsExtension.appex */ = {isa = PBXFileReference; explicitFileType = "wrapper.app-extension"; includeInIndex = 0; path = YABAWidgetsExtension.appex; sourceTree = BUILT_PRODUCTS_DIR; };
		96EA39BC2E58EB8F00B8411D /* WidgetKit.framework */ = {isa = PBXFileReference; lastKnownFileType = wrapper.framework; name = WidgetKit.framework; path = /System/Library/Frameworks/WidgetKit.framework; sourceTree = "<absolute>"; };
		96EA39BE2E58EB8F00B8411D /* SwiftUI.framework */ = {isa = PBXFileReference; lastKnownFileType = wrapper.framework; name = SwiftUI.framework; path = /System/Library/Frameworks/SwiftUI.framework; sourceTree = "<absolute>"; };
/* End PBXFileReference section */

/* Begin PBXFileSystemSynchronizedBuildFileExceptionSet section */
		967242D22F9EC3C20087D617 /* Exceptions for "YABACore" folder in "YABAShare" target */ = {
			isa = PBXFileSystemSynchronizedBuildFileExceptionSet;
			membershipExceptions = (
				Navigation/DeepLinkManager.swift,
			);
			target = 96A8E0AD2DB5CAFF00A47601 /* YABAShare */;
		};
		967242D42F9EC3C20087D617 /* Exceptions for "YABACore" folder in "YABAStatusMenuItem" target */ = {
			isa = PBXFileSystemSynchronizedBuildFileExceptionSet;
			membershipExceptions = (
				Navigation/DeepLinkManager.swift,
			);
			target = 967B9A4A2DD8D3EF00181AA1 /* YABAStatusMenuItem */;
		};
		967242D52F9EC3C20087D617 /* Exceptions for "YABACore" folder in "YABAWidgetsExtension" target */ = {
			isa = PBXFileSystemSynchronizedBuildFileExceptionSet;
			membershipExceptions = (
				Navigation/DeepLinkManager.swift,
				State/Creation/Docmark/DocmarkCreationStateMachine.swift,
			);
			target = 96EA39BA2E58EB8E00B8411D /* YABAWidgetsExtension */;
		};
		96A8E0BC2DB5CAFF00A47601 /* Exceptions for "YABAShare" folder in "YABAShare" target */ = {
			isa = PBXFileSystemSynchronizedBuildFileExceptionSet;
			membershipExceptions = (
				Info.plist,
			);
			target = 96A8E0AD2DB5CAFF00A47601 /* YABAShare */;
		};
		96A8E0C02DB5CDA300A47601 /* Exceptions for "YABA" folder in "YABAShare" target */ = {
			isa = PBXFileSystemSynchronizedBuildFileExceptionSet;
			membershipExceptions = (
				Assets.xcassets,
				Core/Components/ColorPicker/ColorPickerPresentationPolicy.swift,
				Core/Components/ColorPicker/YabaColorPicker.swift,
				Core/Components/Gradient/AnimatedGradient.swift,
				Core/Components/Icon/YabaIconView.swift,
				Core/Components/IconPicker/IconPickerView.swift,
				Core/Components/Item/Bookmark/BookmarkItemState.swift,
				Core/Components/Item/Bookmark/PresentableBookmarkItemView.swift,
				Core/Components/Item/Collection/CollectionItemState.swift,
				Core/Components/Item/Collection/PresentableFolderItemView.swift,
				Core/Components/Item/Collection/PresentableTagItemView.swift,
				Core/Components/Media/AudioRecorderSheet.swift,
				Core/Components/Media/AudioWaveformScrubber.swift,
				Core/Components/Media/CameraCapturePicker.swift,
				Core/Components/Media/VideoCapturePicker.swift,
				Core/Components/Selection/SelectBookmarkContent.swift,
				Core/Components/Selection/SelectFolderContent.swift,
				Core/Components/Selection/SelectTagsContent.swift,
				Core/Components/Share/ShareSheet.swift,
				Core/Components/Toast/CoreToastOverlayView.swift,
				Core/Sync/Model/DeviceType.swift,
				Core/Util/AnnouncementSeverity.swift,
				Core/Util/CreationType.swift,
				Core/Util/InverseLabelStyle.swift,
				Core/Util/PreviewContentAppearance.swift,
				"Core/Util/UINavigationController+Extension.swift",
				Creation/Bookmark/Flow/BookmarkCreationRouting.swift,
				Creation/Bookmark/Flow/BookmarkEditContainer.swift,
				Creation/Bookmark/Flow/BookmarkFlowContext.swift,
				Creation/Bookmark/Flow/BookmarkFlowSheet.swift,
				Creation/Bookmark/Flow/BookmarkKindCreationSheet.swift,
				Creation/Bookmark/Forms/AudiomarkCreationContent.swift,
				Creation/Bookmark/Forms/BookmarkKindForm.swift,
				Creation/Bookmark/Forms/BookmarkRouteSelectionContent.swift,
				Creation/Bookmark/Forms/CSVDocmarkCreationContent.swift,
				Creation/Bookmark/Forms/DocmarkCreationContent.swift,
				Creation/Bookmark/Forms/EPUBDocmarkCreationContent.swift,
				Creation/Bookmark/Forms/ImagemarkCreationContent.swift,
				Creation/Bookmark/Forms/LinkmarkCreationContent.swift,
				Creation/Bookmark/Forms/MediamarkCreationContent.swift,
				Creation/Bookmark/Forms/NotemarkCreationContent.swift,
				Creation/Bookmark/Forms/PDFDocmarkCreationContent.swift,
				Creation/Bookmark/Forms/VideomarkCreationContent.swift,
				Creation/Bookmark/Share/BookmarkShareIncomingPayload.swift,
				Creation/Bookmark/Share/BookmarkShareLaunchBuilder.swift,
				Creation/Bookmark/Share/BookmarkShareMarkdownPreface.swift,
				Creation/Bookmark/Share/BookmarkSharePayloadExtractor.swift,
				Creation/Bookmark/Shared/BookmarkCreationFolderVisuals.swift,
				Creation/Bookmark/Shared/BookmarkCreationPreviewListRowBackground.swift,
				Creation/Bookmark/Shared/BookmarkCreationSelectedContentIndicator.swift,
				Creation/Bookmark/Shared/BookmarkFlowHydration.swift,
				Creation/Bookmark/Shared/BookmarkFolderTagSheetModifier.swift,
				Creation/Bookmark/Shared/BookmarkFormFolderTagRows.swift,
				Creation/Folder/FolderCreationContent.swift,
				Creation/Tag/TagCreationContent.swift,
				Credits.rtf,
				Detail/Bookmark/Linkmark/LinkmarkReadItLaterWebView.swift,
				Localizable.xcstrings,
			);
			target = 96A8E0AD2DB5CAFF00A47601 /* YABAShare */;
		};
		96EA39772E56380700B8411D /* Exceptions for "YABAKeyboard" folder in "YABAKeyboard" target */ = {
			isa = PBXFileSystemSynchronizedBuildFileExceptionSet;
			membershipExceptions = (
				Info.plist,
			);
			target = 96EA396B2E56380700B8411D /* YABAKeyboard */;
		};
		96EA397C2E579DD800B8411D /* Exceptions for "YABA" folder in "YABAKeyboard" target */ = {
			isa = PBXFileSystemSynchronizedBuildFileExceptionSet;
			membershipExceptions = (
				Assets.xcassets,
				Core/Components/Share/ShareSheet.swift,
				Core/Util/InverseLabelStyle.swift,
				Core/Util/PreviewContentAppearance.swift,
				Detail/Bookmark/Linkmark/LinkmarkReadItLaterWebView.swift,
				Localizable.xcstrings,
			);
			target = 96EA396B2E56380700B8411D /* YABAKeyboard */;
		};
		96EA39D12E58EB9000B8411D /* Exceptions for "YABAWidgets" folder in "YABAWidgetsExtension" target */ = {
			isa = PBXFileSystemSynchronizedBuildFileExceptionSet;
			membershipExceptions = (
				Info.plist,
			);
			target = 96EA39BA2E58EB8E00B8411D /* YABAWidgetsExtension */;
		};
		96EA39D52E58ED9600B8411D /* Exceptions for "YABA" folder in "YABAWidgetsExtension" target */ = {
			isa = PBXFileSystemSynchronizedBuildFileExceptionSet;
			membershipExceptions = (
				App/AppDelegate.swift,
				Assets.xcassets,
				Detail/Bookmark/Linkmark/LinkmarkReadItLaterWebView.swift,
				Localizable.xcstrings,
			);
			target = 96EA39BA2E58EB8E00B8411D /* YABAWidgetsExtension */;
		};
		96EA39FB2E5E0F1D00B8411D /* Exceptions for "YABAWidgets" folder in "YABA" target */ = {
			isa = PBXFileSystemSynchronizedBuildFileExceptionSet;
			membershipExceptions = (
				Core/AppIntents.swift,
			);
			target = 96A8DFC12DB2F5A500A47601 /* YABA */;
		};
		96EB27162FAF3FFE001B7DB4 /* Exceptions for "YABACore" folder in "YABAKeyboard" target */ = {
			isa = PBXFileSystemSynchronizedBuildFileExceptionSet;
			membershipExceptions = (
				State/Creation/Docmark/DocmarkCreationStateMachine.swift,
			);
			target = 96EA396B2E56380700B8411D /* YABAKeyboard */;
		};
		96EB670A2DD91588009EB9EC /* Exceptions for "YABA" folder in "YABA" target */ = {
			isa = PBXFileSystemSynchronizedBuildFileExceptionSet;
			membershipExceptions = (
				Info.plist,
			);
			target = 96A8DFC12DB2F5A500A47601 /* YABA */;
		};
		96EB670E2DD9447E009EB9EC /* Exceptions for "YABA" folder in "YABAStatusMenuItem" target */ = {
			isa = PBXFileSystemSynchronizedBuildFileExceptionSet;
			membershipExceptions = (
				Assets.xcassets,
				Core/Util/AnnouncementSeverity.swift,
				Core/Util/CreationType.swift,
				Core/Util/InverseLabelStyle.swift,
				Core/Util/PreviewContentAppearance.swift,
				Credits.rtf,
				Detail/Bookmark/Linkmark/LinkmarkReadItLaterWebView.swift,
				Localizable.xcstrings,
			);
			target = 967B9A4A2DD8D3EF00181AA1 /* YABAStatusMenuItem */;
		};
/* End PBXFileSystemSynchronizedBuildFileExceptionSet section */

/* Begin PBXFileSystemSynchronizedRootGroup section */
		967B9A4C2DD8D3EF00181AA1 /* YABAStatusMenuItem */ = {
			isa = PBXFileSystemSynchronizedRootGroup;
			path = YABAStatusMenuItem;
			sourceTree = "<group>";
		};
		96A8DFC42DB2F5A500A47601 /* YABA */ = {
			isa = PBXFileSystemSynchronizedRootGroup;
			exceptions = (
				96EB670A2DD91588009EB9EC /* Exceptions for "YABA" folder in "YABA" target */,
				96A8E0C02DB5CDA300A47601 /* Exceptions for "YABA" folder in "YABAShare" target */,
				96EB670E2DD9447E009EB9EC /* Exceptions for "YABA" folder in "YABAStatusMenuItem" target */,
				96EA397C2E579DD800B8411D /* Exceptions for "YABA" folder in "YABAKeyboard" target */,
				96EA39D52E58ED9600B8411D /* Exceptions for "YABA" folder in "YABAWidgetsExtension" target */,
			);
			path = YABA;
			sourceTree = "<group>";
		};
		96A8E0AF2DB5CAFF00A47601 /* YABAShare */ = {
			isa = PBXFileSystemSynchronizedRootGroup;
			exceptions = (
				96A8E0BC2DB5CAFF00A47601 /* Exceptions for "YABAShare" folder in "YABAShare" target */,
			);
			path = YABAShare;
			sourceTree = "<group>";
		};
		96DC5EE92F892665005760E3 /* YABACore */ = {
			isa = PBXFileSystemSynchronizedRootGroup;
			exceptions = (
				967242D22F9EC3C20087D617 /* Exceptions for "YABACore" folder in "YABAShare" target */,
				967242D42F9EC3C20087D617 /* Exceptions for "YABACore" folder in "YABAStatusMenuItem" target */,
				96EB27162FAF3FFE001B7DB4 /* Exceptions for "YABACore" folder in "YABAKeyboard" target */,
				967242D52F9EC3C20087D617 /* Exceptions for "YABACore" folder in "YABAWidgetsExtension" target */,
			);
			path = YABACore;
			sourceTree = "<group>";
		};
		96EA396D2E56380700B8411D /* YABAKeyboard */ = {
			isa = PBXFileSystemSynchronizedRootGroup;
			exceptions = (
				96EA39772E56380700B8411D /* Exceptions for "YABAKeyboard" folder in "YABAKeyboard" target */,
			);
			path = YABAKeyboard;
			sourceTree = "<group>";
		};
		96EA39C02E58EB8F00B8411D /* YABAWidgets */ = {
			isa = PBXFileSystemSynchronizedRootGroup;
			exceptions = (
				96EA39FB2E5E0F1D00B8411D /* Exceptions for "YABAWidgets" folder in "YABA" target */,
				96EA39D12E58EB9000B8411D /* Exceptions for "YABAWidgets" folder in "YABAWidgetsExtension" target */,
			);
			path = YABAWidgets;
			sourceTree = "<group>";
		};
		96EB67142DD94580009EB9EC /* YABAShareMac */ = {
			isa = PBXFileSystemSynchronizedRootGroup;
			path = YABAShareMac;
			sourceTree = "<group>";
		};
/* End PBXFileSystemSynchronizedRootGroup section */

/* Begin PBXFrameworksBuildPhase section */
		967B9A482DD8D3EF00181AA1 /* Frameworks */ = {
			isa = PBXFrameworksBuildPhase;
			buildActionMask = 2147483647;
			files = (
				96DCA25A2F9D7002005760E3 /* SwiftSoup in Frameworks */,
				962FBBB32FB08888001B7AA2 /* Zip in Frameworks */,
			);
			runOnlyForDeploymentPostprocessing = 0;
		};
		96A8DFBF2DB2F5A500A47601 /* Frameworks */ = {
			isa = PBXFrameworksBuildPhase;
			buildActionMask = 2147483647;
			files = (
				96DCA2472F9D6FD6005760E3 /* SwiftSoup in Frameworks */,
				96EB26D22FAE65A0001B7DB4 /* SwiftCSV in Frameworks */,
				96EB27022FAF381A001B7DB4 /* ReadiumNavigator in Frameworks */,
				96EB27042FAF381A001B7DB4 /* ReadiumShared in Frameworks */,
				96EB27062FAF381A001B7DB4 /* ReadiumStreamer in Frameworks */,
				962FBBB42FB08888001B7AA2 /* Zip in Frameworks */,
			);
			runOnlyForDeploymentPostprocessing = 0;
		};
		96A8E0AB2DB5CAFF00A47601 /* Frameworks */ = {
			isa = PBXFrameworksBuildPhase;
			buildActionMask = 2147483647;
			files = (
				96DCA25C2F9D7002005760E3 /* SwiftSoup in Frameworks */,
				962FBBB52FB08888001B7AA2 /* Zip in Frameworks */,
			);
			runOnlyForDeploymentPostprocessing = 0;
		};
		96EA39692E56380700B8411D /* Frameworks */ = {
			isa = PBXFrameworksBuildPhase;
			buildActionMask = 2147483647;
			files = (
				96DCA25E2F9D7002005760E3 /* SwiftSoup in Frameworks */,
				962FBBB62FB08888001B7AA2 /* Zip in Frameworks */,
			);
			runOnlyForDeploymentPostprocessing = 0;
		};
		96EA39B82E58EB8E00B8411D /* Frameworks */ = {
			isa = PBXFrameworksBuildPhase;
			buildActionMask = 2147483647;
			files = (
				96DCA2602F9D7002005760E3 /* SwiftSoup in Frameworks */,
				96EA39BF2E58EB8F00B8411D /* SwiftUI.framework in Frameworks */,
				96EA39BD2E58EB8F00B8411D /* WidgetKit.framework in Frameworks */,
				962FBBB72FB08888001B7AA2 /* Zip in Frameworks */,
			);
			runOnlyForDeploymentPostprocessing = 0;
		};
/* End PBXFrameworksBuildPhase section */

/* Begin PBXGroup section */
		967B9A0D2DD80CFA00181AA1 /* Frameworks */ = {
			isa = PBXGroup;
			children = (
				967242ED2F9ECF410087D617 /* MarkdownParser.xcframework */,
				96EA39BE2E58EB8F00B8411D /* SwiftUI.framework */,
				96EA39BC2E58EB8F00B8411D /* WidgetKit.framework */,
			);
			name = Frameworks;
			sourceTree = "<group>";
		};
		96A8DFB92DB2F5A500A47601 = {
			isa = PBXGroup;
			children = (
				967B9A0D2DD80CFA00181AA1 /* Frameworks */,
				96A8DFC32DB2F5A500A47601 /* Products */,
				96DC37F12F9554D2005760E3 /* WebComponents */,
				96A8DFC42DB2F5A500A47601 /* YABA */,
				96D262F32E6CA6C4007F4285 /* YABA_Icon.icon */,
				96DC5EE92F892665005760E3 /* YABACore */,
				96EA396D2E56380700B8411D /* YABAKeyboard */,
				96A8E0AF2DB5CAFF00A47601 /* YABAShare */,
				96EB67142DD94580009EB9EC /* YABAShareMac */,
				967B9A4C2DD8D3EF00181AA1 /* YABAStatusMenuItem */,
				96EA39C02E58EB8F00B8411D /* YABAWidgets */,
			);
			sourceTree = "<group>";
		};
		96A8DFC32DB2F5A500A47601 /* Products */ = {
			isa = PBXGroup;
			children = (
				96A8DFC22DB2F5A500A47601 /* YABA.app */,
				96A8E0AE2DB5CAFF00A47601 /* YABAShare.appex */,
				967B9A4B2DD8D3EF00181AA1 /* YABAStatusMenuItem.app */,
				96EA396C2E56380700B8411D /* YABAKeyboard.appex */,
				96EA39BB2E58EB8E00B8411D /* YABAWidgetsExtension.appex */,
			);
			name = Products;
			sourceTree = "<group>";
		};
/* End PBXGroup section */

/* Begin PBXNativeTarget section */
		967B9A4A2DD8D3EF00181AA1 /* YABAStatusMenuItem */ = {
			isa = PBXNativeTarget;
			buildConfigurationList = 967B9A562DD8D3F000181AA1 /* Build configuration list for PBXNativeTarget "YABAStatusMenuItem" */;
			buildPhases = (
				967B9A472DD8D3EF00181AA1 /* Sources */,
				967B9A482DD8D3EF00181AA1 /* Frameworks */,
				967B9A492DD8D3EF00181AA1 /* Resources */,
			);
			buildRules = (
			);
			dependencies = (
			);
			fileSystemSynchronizedGroups = (
				967B9A4C2DD8D3EF00181AA1 /* YABAStatusMenuItem */,
				96DC5EE92F892665005760E3 /* YABACore */,
			);
			name = YABAStatusMenuItem;
			packageProductDependencies = (
				96DCA2462F9D6FD6005760E3 /* SwiftSoup */,
				962FBBB22FB08888001B7AA2 /* Zip */,
			);
			productName = YABAStatusMenuItem;
			productReference = 967B9A4B2DD8D3EF00181AA1 /* YABAStatusMenuItem.app */;
			productType = "com.apple.product-type.application";
		};
		96A8DFC12DB2F5A500A47601 /* YABA */ = {
			isa = PBXNativeTarget;
			buildConfigurationList = 96A8DFD02DB2F5A600A47601 /* Build configuration list for PBXNativeTarget "YABA" */;
			buildPhases = (
				96A8DFBE2DB2F5A500A47601 /* Sources */,
				96A8DFBF2DB2F5A500A47601 /* Frameworks */,
				96A8DFC02DB2F5A500A47601 /* Resources */,
				96A8E0BD2DB5CAFF00A47601 /* Embed Foundation Extensions */,
				967B9A5E2DD8D6D000181AA1 /* Copy Menu Item */,
			);
			buildRules = (
			);
			dependencies = (
				96A8E0B72DB5CAFF00A47601 /* PBXTargetDependency */,
				967B9A5D2DD8D68D00181AA1 /* PBXTargetDependency */,
				96EA39722E56380700B8411D /* PBXTargetDependency */,
				96EA39CC2E58EB9000B8411D /* PBXTargetDependency */,
			);
			fileSystemSynchronizedGroups = (
				96A8DFC42DB2F5A500A47601 /* YABA */,
				96DC5EE92F892665005760E3 /* YABACore */,
			);
			name = YABA;
			packageProductDependencies = (
				96DCA2462F9D6FD6005760E3 /* SwiftSoup */,
				96EB26D12FAE65A0001B7DB4 /* SwiftCSV */,
				96EB27012FAF381A001B7DB4 /* ReadiumNavigator */,
				96EB27032FAF381A001B7DB4 /* ReadiumShared */,
				96EB27052FAF381A001B7DB4 /* ReadiumStreamer */,
				962FBBB22FB08888001B7AA2 /* Zip */,
			);
			productName = YABA;
			productReference = 96A8DFC22DB2F5A500A47601 /* YABA.app */;
			productType = "com.apple.product-type.application";
		};
		96A8E0AD2DB5CAFF00A47601 /* YABAShare */ = {
			isa = PBXNativeTarget;
			buildConfigurationList = 96A8E0B92DB5CAFF00A47601 /* Build configuration list for PBXNativeTarget "YABAShare" */;
			buildPhases = (
				96A8E0AA2DB5CAFF00A47601 /* Sources */,
				96A8E0AB2DB5CAFF00A47601 /* Frameworks */,
				96A8E0AC2DB5CAFF00A47601 /* Resources */,
			);
			buildRules = (
			);
			dependencies = (
			);
			fileSystemSynchronizedGroups = (
				96A8E0AF2DB5CAFF00A47601 /* YABAShare */,
				96DC5EE92F892665005760E3 /* YABACore */,
			);
			name = YABAShare;
			packageProductDependencies = (
				96DCA2462F9D6FD6005760E3 /* SwiftSoup */,
				962FBBB22FB08888001B7AA2 /* Zip */,
			);
			productName = YABAShare;
			productReference = 96A8E0AE2DB5CAFF00A47601 /* YABAShare.appex */;
			productType = "com.apple.product-type.app-extension";
		};
		96EA396B2E56380700B8411D /* YABAKeyboard */ = {
			isa = PBXNativeTarget;
			buildConfigurationList = 96EA39742E56380700B8411D /* Build configuration list for PBXNativeTarget "YABAKeyboard" */;
			buildPhases = (
				96EA39682E56380700B8411D /* Sources */,
				96EA39692E56380700B8411D /* Frameworks */,
				96EA396A2E56380700B8411D /* Resources */,
			);
			buildRules = (
			);
			dependencies = (
			);
			fileSystemSynchronizedGroups = (
				96DC5EE92F892665005760E3 /* YABACore */,
				96EA396D2E56380700B8411D /* YABAKeyboard */,
			);
			name = YABAKeyboard;
			packageProductDependencies = (
				96DCA2462F9D6FD6005760E3 /* SwiftSoup */,
				962FBBB22FB08888001B7AA2 /* Zip */,
			);
			productName = YABAKeyboard;
			productReference = 96EA396C2E56380700B8411D /* YABAKeyboard.appex */;
			productType = "com.apple.product-type.app-extension";
		};
		96EA39BA2E58EB8E00B8411D /* YABAWidgetsExtension */ = {
			isa = PBXNativeTarget;
			buildConfigurationList = 96EA39CE2E58EB9000B8411D /* Build configuration list for PBXNativeTarget "YABAWidgetsExtension" */;
			buildPhases = (
				96EA39B72E58EB8E00B8411D /* Sources */,
				96EA39B82E58EB8E00B8411D /* Frameworks */,
				96EA39B92E58EB8E00B8411D /* Resources */,
			);
			buildRules = (
			);
			dependencies = (
			);
			fileSystemSynchronizedGroups = (
				96DC5EE92F892665005760E3 /* YABACore */,
				96EA39C02E58EB8F00B8411D /* YABAWidgets */,
			);
			name = YABAWidgetsExtension;
			packageProductDependencies = (
				96DCA2462F9D6FD6005760E3 /* SwiftSoup */,
				962FBBB22FB08888001B7AA2 /* Zip */,
			);
			productName = YABAWidgetsExtension;
			productReference = 96EA39BB2E58EB8E00B8411D /* YABAWidgetsExtension.appex */;
			productType = "com.apple.product-type.app-extension";
		};
/* End PBXNativeTarget section */

/* Begin PBXProject section */
		96A8DFBA2DB2F5A500A47601 /* Project object */ = {
			isa = PBXProject;
			attributes = {
				BuildIndependentTargetsInParallel = 1;
				LastSwiftUpdateCheck = 1630;
				LastUpgradeCheck = 1630;
				TargetAttributes = {
					967B9A4A2DD8D3EF00181AA1 = {
						CreatedOnToolsVersion = 16.3;
					};
					96A8DFC12DB2F5A500A47601 = {
						CreatedOnToolsVersion = 16.3;
					};
					96A8E0AD2DB5CAFF00A47601 = {
						CreatedOnToolsVersion = 16.3;
					};
					96EA396B2E56380700B8411D = {
						CreatedOnToolsVersion = 16.3;
					};
					96EA39BA2E58EB8E00B8411D = {
						CreatedOnToolsVersion = 16.3;
					};
				};
			};
			buildConfigurationList = 96A8DFBD2DB2F5A500A47601 /* Build configuration list for PBXProject "YABA" */;
			developmentRegion = en;
			hasScannedForEncodings = 0;
			knownRegions = (
				en,
				Base,
				de,
				"pt-BR",
				fr,
				it,
				es,
			);
			mainGroup = 96A8DFB92DB2F5A500A47601;
			minimizedProjectReferenceProxies = 1;
			packageReferences = (
				96DCA2452F9D6FD6005760E3 /* XCRemoteSwiftPackageReference "SwiftSoup" */,
				96EB26D02FAE65A0001B7DB4 /* XCRemoteSwiftPackageReference "SwiftCSV" */,
				96EB27002FAF381A001B7DB4 /* XCRemoteSwiftPackageReference "swift-toolkit" */,
				962FBBB12FB08888001B7AA2 /* XCRemoteSwiftPackageReference "Zip" */,
			);
			preferredProjectObjectVersion = 77;
			productRefGroup = 96A8DFC32DB2F5A500A47601 /* Products */;
			projectDirPath = "";
			projectRoot = "";
			targets = (
				96A8DFC12DB2F5A500A47601 /* YABA */,
				96A8E0AD2DB5CAFF00A47601 /* YABAShare */,
				967B9A4A2DD8D3EF00181AA1 /* YABAStatusMenuItem */,
				96EA396B2E56380700B8411D /* YABAKeyboard */,
				96EA39BA2E58EB8E00B8411D /* YABAWidgetsExtension */,
			);
		};
/* End PBXProject section */

/* Begin PBXResourcesBuildPhase section */
		967B9A492DD8D3EF00181AA1 /* Resources */ = {
			isa = PBXResourcesBuildPhase;
			buildActionMask = 2147483647;
			files = (
				96D262F72E6CA6C4007F4285 /* YABA_Icon.icon in Resources */,
			);
			runOnlyForDeploymentPostprocessing = 0;
		};
		96A8DFC02DB2F5A500A47601 /* Resources */ = {
			isa = PBXResourcesBuildPhase;
			buildActionMask = 2147483647;
			files = (
				96DC37F22F9554D2005760E3 /* WebComponents in Resources */,
				96D262F62E6CA6C4007F4285 /* YABA_Icon.icon in Resources */,
				967B9A5B2DD8D68D00181AA1 /* YABAStatusMenuItem.app in Resources */,
			);
			runOnlyForDeploymentPostprocessing = 0;
		};
		96A8E0AC2DB5CAFF00A47601 /* Resources */ = {
			isa = PBXResourcesBuildPhase;
			buildActionMask = 2147483647;
			files = (
				96EB2ED22FAFE402001B7DB4 /* WebComponents in Resources */,
				96D262F42E6CA6C4007F4285 /* YABA_Icon.icon in Resources */,
			);
			runOnlyForDeploymentPostprocessing = 0;
		};
		96EA396A2E56380700B8411D /* Resources */ = {
			isa = PBXResourcesBuildPhase;
			buildActionMask = 2147483647;
			files = (
				96D262F92E6CA6C4007F4285 /* YABA_Icon.icon in Resources */,
			);
			runOnlyForDeploymentPostprocessing = 0;
		};
		96EA39B92E58EB8E00B8411D /* Resources */ = {
			isa = PBXResourcesBuildPhase;
			buildActionMask = 2147483647;
			files = (
				96D262F52E6CA6C4007F4285 /* YABA_Icon.icon in Resources */,
			);
			runOnlyForDeploymentPostprocessing = 0;
		};
/* End PBXResourcesBuildPhase section */

/* Begin PBXSourcesBuildPhase section */
		967B9A472DD8D3EF00181AA1 /* Sources */ = {
			isa = PBXSourcesBuildPhase;
			buildActionMask = 2147483647;
			files = (
			);
			runOnlyForDeploymentPostprocessing = 0;
		};
		96A8DFBE2DB2F5A500A47601 /* Sources */ = {
			isa = PBXSourcesBuildPhase;
			buildActionMask = 2147483647;
			files = (
			);
			runOnlyForDeploymentPostprocessing = 0;
		};
		96A8E0AA2DB5CAFF00A47601 /* Sources */ = {
			isa = PBXSourcesBuildPhase;
			buildActionMask = 2147483647;
			files = (
			);
			runOnlyForDeploymentPostprocessing = 0;
		};
		96EA39682E56380700B8411D /* Sources */ = {
			isa = PBXSourcesBuildPhase;
			buildActionMask = 2147483647;
			files = (
			);
			runOnlyForDeploymentPostprocessing = 0;
		};
		96EA39B72E58EB8E00B8411D /* Sources */ = {
			isa = PBXSourcesBuildPhase;
			buildActionMask = 2147483647;
			files = (
			);
			runOnlyForDeploymentPostprocessing = 0;
		};
/* End PBXSourcesBuildPhase section */

/* Begin PBXTargetDependency section */
		967B9A5D2DD8D68D00181AA1 /* PBXTargetDependency */ = {
			isa = PBXTargetDependency;
			platformFilter = maccatalyst;
			target = 967B9A4A2DD8D3EF00181AA1 /* YABAStatusMenuItem */;
			targetProxy = 967B9A5C2DD8D68D00181AA1 /* PBXContainerItemProxy */;
		};
		96A8E0B72DB5CAFF00A47601 /* PBXTargetDependency */ = {
			isa = PBXTargetDependency;
			platformFilter = ios;
			target = 96A8E0AD2DB5CAFF00A47601 /* YABAShare */;
			targetProxy = 96A8E0B62DB5CAFF00A47601 /* PBXContainerItemProxy */;
		};
		96EA39722E56380700B8411D /* PBXTargetDependency */ = {
			isa = PBXTargetDependency;
			platformFilter = ios;
			target = 96EA396B2E56380700B8411D /* YABAKeyboard */;
			targetProxy = 96EA39712E56380700B8411D /* PBXContainerItemProxy */;
		};
		96EA39CC2E58EB9000B8411D /* PBXTargetDependency */ = {
			isa = PBXTargetDependency;
			target = 96EA39BA2E58EB8E00B8411D /* YABAWidgetsExtension */;
			targetProxy = 96EA39CB2E58EB9000B8411D /* PBXContainerItemProxy */;
		};
/* End PBXTargetDependency section */

/* Begin XCBuildConfiguration section */
		967B9A572DD8D3F000181AA1 /* Debug */ = {
			isa = XCBuildConfiguration;
			buildSettings = {
				ASSETCATALOG_COMPILER_APPICON_NAME = YABA_Icon;
				ASSETCATALOG_COMPILER_GLOBAL_ACCENT_COLOR_NAME = AccentColor;
				CODE_SIGN_ENTITLEMENTS = YABAStatusMenuItem/YABAStatusMenuItem.entitlements;
				CODE_SIGN_STYLE = Automatic;
				COMBINE_HIDPI_IMAGES = YES;
				CURRENT_PROJECT_VERSION = 2.0.1;
				DEVELOPMENT_TEAM = WSK3376L7S;
				ENABLE_HARDENED_RUNTIME = YES;
				ENABLE_PREVIEWS = YES;
				GENERATE_INFOPLIST_FILE = YES;
				INFOPLIST_KEY_LSApplicationCategoryType = "public.app-category.utilities";
				INFOPLIST_KEY_LSUIElement = YES;
				INFOPLIST_KEY_NSHumanReadableCopyright = "";
				LD_RUNPATH_SEARCH_PATHS = (
					"$(inherited)",
					"@executable_path/../Frameworks",
				);
				MACOSX_DEPLOYMENT_TARGET = 26.0;
				MARKETING_VERSION = 1.5;
				PRODUCT_BUNDLE_IDENTIFIER = dev.subfly.YABAStatusMenuItem;
				PRODUCT_NAME = "$(TARGET_NAME)";
				REGISTER_APP_GROUPS = YES;
				SDKROOT = macosx;
				SKIP_INSTALL = YES;
				SWIFT_ACTIVE_COMPILATION_CONDITIONS = "MENU_ITEM DEBUG $(inherited)";
				SWIFT_EMIT_LOC_STRINGS = YES;
				SWIFT_VERSION = 5.0;
			};
			name = Debug;
		};
		967B9A582DD8D3F000181AA1 /* Release */ = {
			isa = XCBuildConfiguration;
			buildSettings = {
				ASSETCATALOG_COMPILER_APPICON_NAME = YABA_Icon;
				ASSETCATALOG_COMPILER_GLOBAL_ACCENT_COLOR_NAME = AccentColor;
				CODE_SIGN_ENTITLEMENTS = YABAStatusMenuItem/YABAStatusMenuItem.entitlements;
				CODE_SIGN_STYLE = Automatic;
				COMBINE_HIDPI_IMAGES = YES;
				CURRENT_PROJECT_VERSION = 2.0.1;
				DEVELOPMENT_TEAM = WSK3376L7S;
				ENABLE_HARDENED_RUNTIME = YES;
				ENABLE_PREVIEWS = YES;
				GENERATE_INFOPLIST_FILE = YES;
				INFOPLIST_KEY_LSApplicationCategoryType = "public.app-category.utilities";
				INFOPLIST_KEY_LSUIElement = YES;
				INFOPLIST_KEY_NSHumanReadableCopyright = "";
				LD_RUNPATH_SEARCH_PATHS = (
					"$(inherited)",
					"@executable_path/../Frameworks",
				);
				MACOSX_DEPLOYMENT_TARGET = 26.0;
				MARKETING_VERSION = 1.5;
				PRODUCT_BUNDLE_IDENTIFIER = dev.subfly.YABAStatusMenuItem;
				PRODUCT_NAME = "$(TARGET_NAME)";
				REGISTER_APP_GROUPS = YES;
				SDKROOT = macosx;
				SKIP_INSTALL = YES;
				SWIFT_ACTIVE_COMPILATION_CONDITIONS = MENU_ITEM;
				SWIFT_EMIT_LOC_STRINGS = YES;
				SWIFT_VERSION = 5.0;
			};
			name = Release;
		};
		96A8DFCE2DB2F5A600A47601 /* Debug */ = {
			isa = XCBuildConfiguration;
			buildSettings = {
				ALWAYS_SEARCH_USER_PATHS = NO;
				ASSETCATALOG_COMPILER_GENERATE_SWIFT_ASSET_SYMBOL_EXTENSIONS = YES;
				CLANG_ANALYZER_NONNULL = YES;
				CLANG_ANALYZER_NUMBER_OBJECT_CONVERSION = YES_AGGRESSIVE;
				CLANG_CXX_LANGUAGE_STANDARD = "gnu++20";
				CLANG_ENABLE_MODULES = YES;
				CLANG_ENABLE_OBJC_ARC = YES;
				CLANG_ENABLE_OBJC_WEAK = YES;
				CLANG_WARN_BLOCK_CAPTURE_AUTORELEASING = YES;
				CLANG_WARN_BOOL_CONVERSION = YES;
				CLANG_WARN_COMMA = YES;
				CLANG_WARN_CONSTANT_CONVERSION = YES;
				CLANG_WARN_DEPRECATED_OBJC_IMPLEMENTATIONS = YES;
				CLANG_WARN_DIRECT_OBJC_ISA_USAGE = YES_ERROR;
				CLANG_WARN_DOCUMENTATION_COMMENTS = YES;
				CLANG_WARN_EMPTY_BODY = YES;
				CLANG_WARN_ENUM_CONVERSION = YES;
				CLANG_WARN_INFINITE_RECURSION = YES;
				CLANG_WARN_INT_CONVERSION = YES;
				CLANG_WARN_NON_LITERAL_NULL_CONVERSION = YES;
				CLANG_WARN_OBJC_IMPLICIT_RETAIN_SELF = YES;
				CLANG_WARN_OBJC_LITERAL_CONVERSION = YES;
				CLANG_WARN_OBJC_ROOT_CLASS = YES_ERROR;
				CLANG_WARN_QUOTED_INCLUDE_IN_FRAMEWORK_HEADER = YES;
				CLANG_WARN_RANGE_LOOP_ANALYSIS = YES;
				CLANG_WARN_STRICT_PROTOTYPES = YES;
				CLANG_WARN_SUSPICIOUS_MOVE = YES;
				CLANG_WARN_UNGUARDED_AVAILABILITY = YES_AGGRESSIVE;
				CLANG_WARN_UNREACHABLE_CODE = YES;
				CLANG_WARN__DUPLICATE_METHOD_MATCH = YES;
				COPY_PHASE_STRIP = NO;
				DEBUG_INFORMATION_FORMAT = dwarf;
				DEVELOPMENT_TEAM = N4D5RP839C;
				ENABLE_STRICT_OBJC_MSGSEND = YES;
				ENABLE_TESTABILITY = YES;
				ENABLE_USER_SCRIPT_SANDBOXING = NO;
				GCC_C_LANGUAGE_STANDARD = gnu17;
				GCC_DYNAMIC_NO_PIC = NO;
				GCC_NO_COMMON_BLOCKS = YES;
				GCC_OPTIMIZATION_LEVEL = 0;
				GCC_PREPROCESSOR_DEFINITIONS = (
					"DEBUG=1",
					"$(inherited)",
				);
				GCC_WARN_64_TO_32_BIT_CONVERSION = YES;
				GCC_WARN_ABOUT_RETURN_TYPE = YES_ERROR;
				GCC_WARN_UNDECLARED_SELECTOR = YES;
				GCC_WARN_UNINITIALIZED_AUTOS = YES_AGGRESSIVE;
				GCC_WARN_UNUSED_FUNCTION = YES;
				GCC_WARN_UNUSED_VARIABLE = YES;
				LOCALIZATION_PREFERS_STRING_CATALOGS = YES;
				MTL_ENABLE_DEBUG_INFO = INCLUDE_SOURCE;
				MTL_FAST_MATH = YES;
				ONLY_ACTIVE_ARCH = YES;
				SWIFT_ACTIVE_COMPILATION_CONDITIONS = "DEBUG $(inherited)";
				SWIFT_EMIT_LOC_STRINGS = YES;
				SWIFT_OPTIMIZATION_LEVEL = "-Onone";
			};
			name = Debug;
		};
		96A8DFCF2DB2F5A600A47601 /* Release */ = {
			isa = XCBuildConfiguration;
			buildSettings = {
				ALWAYS_SEARCH_USER_PATHS = NO;
				ASSETCATALOG_COMPILER_GENERATE_SWIFT_ASSET_SYMBOL_EXTENSIONS = YES;
				CLANG_ANALYZER_NONNULL = YES;
				CLANG_ANALYZER_NUMBER_OBJECT_CONVERSION = YES_AGGRESSIVE;
				CLANG_CXX_LANGUAGE_STANDARD = "gnu++20";
				CLANG_ENABLE_MODULES = YES;
				CLANG_ENABLE_OBJC_ARC = YES;
				CLANG_ENABLE_OBJC_WEAK = YES;
				CLANG_WARN_BLOCK_CAPTURE_AUTORELEASING = YES;
				CLANG_WARN_BOOL_CONVERSION = YES;
				CLANG_WARN_COMMA = YES;
				CLANG_WARN_CONSTANT_CONVERSION = YES;
				CLANG_WARN_DEPRECATED_OBJC_IMPLEMENTATIONS = YES;
				CLANG_WARN_DIRECT_OBJC_ISA_USAGE = YES_ERROR;
				CLANG_WARN_DOCUMENTATION_COMMENTS = YES;
				CLANG_WARN_EMPTY_BODY = YES;
				CLANG_WARN_ENUM_CONVERSION = YES;
				CLANG_WARN_INFINITE_RECURSION = YES;
				CLANG_WARN_INT_CONVERSION = YES;
				CLANG_WARN_NON_LITERAL_NULL_CONVERSION = YES;
				CLANG_WARN_OBJC_IMPLICIT_RETAIN_SELF = YES;
				CLANG_WARN_OBJC_LITERAL_CONVERSION = YES;
				CLANG_WARN_OBJC_ROOT_CLASS = YES_ERROR;
				CLANG_WARN_QUOTED_INCLUDE_IN_FRAMEWORK_HEADER = YES;
				CLANG_WARN_RANGE_LOOP_ANALYSIS = YES;
				CLANG_WARN_STRICT_PROTOTYPES = YES;
				CLANG_WARN_SUSPICIOUS_MOVE = YES;
				CLANG_WARN_UNGUARDED_AVAILABILITY = YES_AGGRESSIVE;
				CLANG_WARN_UNREACHABLE_CODE = YES;
				CLANG_WARN__DUPLICATE_METHOD_MATCH = YES;
				COPY_PHASE_STRIP = NO;
				DEBUG_INFORMATION_FORMAT = "dwarf-with-dsym";
				DEVELOPMENT_TEAM = N4D5RP839C;
				ENABLE_NS_ASSERTIONS = NO;
				ENABLE_STRICT_OBJC_MSGSEND = YES;
				ENABLE_USER_SCRIPT_SANDBOXING = NO;
				GCC_C_LANGUAGE_STANDARD = gnu17;
				GCC_NO_COMMON_BLOCKS = YES;
				GCC_WARN_64_TO_32_BIT_CONVERSION = YES;
				GCC_WARN_ABOUT_RETURN_TYPE = YES_ERROR;
				GCC_WARN_UNDECLARED_SELECTOR = YES;
				GCC_WARN_UNINITIALIZED_AUTOS = YES_AGGRESSIVE;
				GCC_WARN_UNUSED_FUNCTION = YES;
				GCC_WARN_UNUSED_VARIABLE = YES;
				LOCALIZATION_PREFERS_STRING_CATALOGS = YES;
				MTL_ENABLE_DEBUG_INFO = NO;
				MTL_FAST_MATH = YES;
				SWIFT_COMPILATION_MODE = wholemodule;
				SWIFT_EMIT_LOC_STRINGS = YES;
			};
			name = Release;
		};
		96A8DFD12DB2F5A600A47601 /* Debug */ = {
			isa = XCBuildConfiguration;
			buildSettings = {
				ASSETCATALOG_COMPILER_APPICON_NAME = YABA_Icon;
				ASSETCATALOG_COMPILER_GLOBAL_ACCENT_COLOR_NAME = AccentColor;
				ASSETCATALOG_COMPILER_INCLUDE_ALL_APPICON_ASSETS = NO;
				CODE_SIGN_ENTITLEMENTS = YABA/YABA.entitlements;
				CODE_SIGN_IDENTITY = "Apple Development";
				CODE_SIGN_STYLE = Automatic;
				CURRENT_PROJECT_VERSION = 2.0.1;
				DEVELOPMENT_TEAM = WSK3376L7S;
				ENABLE_APP_SANDBOX = YES;
				ENABLE_HARDENED_RUNTIME = YES;
				ENABLE_OUTGOING_NETWORK_CONNECTIONS = YES;
				ENABLE_PREVIEWS = YES;
				ENABLE_RESOURCE_ACCESS_CAMERA = YES;
				ENABLE_RESOURCE_ACCESS_PHOTO_LIBRARY = YES;
				FRAMEWORK_SEARCH_PATHS = "";
				GENERATE_INFOPLIST_FILE = YES;
				INFOPLIST_FILE = YABA/Info.plist;
				INFOPLIST_KEY_CFBundleDisplayName = YABA;
				INFOPLIST_KEY_ITSAppUsesNonExemptEncryption = NO;
				INFOPLIST_KEY_LSApplicationCategoryType = "public.app-category.utilities";
				INFOPLIST_KEY_NSHumanReadableCopyright = "2025 Subfly Developer - Ali Taha Dinçer";
				INFOPLIST_KEY_NSLocalNetworkUsageDescription = "YABA needs network discovery permission to sync your content across your devices.";
				"INFOPLIST_KEY_UIApplicationSceneManifest_Generation[sdk=iphoneos*]" = YES;
				"INFOPLIST_KEY_UIApplicationSceneManifest_Generation[sdk=iphonesimulator*]" = YES;
				"INFOPLIST_KEY_UIApplicationSupportsIndirectInputEvents[sdk=iphoneos*]" = YES;
				"INFOPLIST_KEY_UIApplicationSupportsIndirectInputEvents[sdk=iphonesimulator*]" = YES;
				"INFOPLIST_KEY_UILaunchScreen_Generation[sdk=iphoneos*]" = YES;
				"INFOPLIST_KEY_UILaunchScreen_Generation[sdk=iphonesimulator*]" = YES;
				INFOPLIST_KEY_UIStatusBarStyle = "";
				"INFOPLIST_KEY_UIStatusBarStyle[sdk=iphoneos*]" = UIStatusBarStyleDefault;
				"INFOPLIST_KEY_UIStatusBarStyle[sdk=iphonesimulator*]" = UIStatusBarStyleDefault;
				INFOPLIST_KEY_UISupportedInterfaceOrientations = UIInterfaceOrientationPortrait;
				INFOPLIST_KEY_UISupportedInterfaceOrientations_iPad = "UIInterfaceOrientationLandscapeLeft UIInterfaceOrientationLandscapeRight UIInterfaceOrientationPortrait UIInterfaceOrientationPortraitUpsideDown";
				IPHONEOS_DEPLOYMENT_TARGET = 26.0;
				LD_RUNPATH_SEARCH_PATHS = "@executable_path/Frameworks";
				"LD_RUNPATH_SEARCH_PATHS[sdk=macosx*]" = "@executable_path/../Frameworks";
				MACOSX_DEPLOYMENT_TARGET = 15.0;
				MARKETING_VERSION = 1.5;
				PRODUCT_BUNDLE_IDENTIFIER = dev.subfly.YABA;
				PRODUCT_NAME = "$(TARGET_NAME)";
				PROVISIONING_PROFILE_SPECIFIER = "";
				REGISTER_APP_GROUPS = YES;
				SDKROOT = auto;
				SUPPORTED_PLATFORMS = "iphoneos iphonesimulator";
				SUPPORTS_MACCATALYST = YES;
				SUPPORTS_MAC_DESIGNED_FOR_IPHONE_IPAD = NO;
				SWIFT_EMIT_LOC_STRINGS = YES;
				SWIFT_MODULES_AUTOLINK = YES;
				SWIFT_OBJC_BRIDGING_HEADER = "";
				SWIFT_VERSION = 5.0;
				TARGETED_DEVICE_FAMILY = "1,2";
				XROS_DEPLOYMENT_TARGET = 2.0;
			};
			name = Debug;
		};
		96A8DFD22DB2F5A600A47601 /* Release */ = {
			isa = XCBuildConfiguration;
			buildSettings = {
				ASSETCATALOG_COMPILER_APPICON_NAME = YABA_Icon;
				ASSETCATALOG_COMPILER_GLOBAL_ACCENT_COLOR_NAME = AccentColor;
				ASSETCATALOG_COMPILER_INCLUDE_ALL_APPICON_ASSETS = NO;
				CODE_SIGN_ENTITLEMENTS = YABA/YABA.entitlements;
				CODE_SIGN_IDENTITY = "Apple Development";
				CODE_SIGN_STYLE = Automatic;
				CURRENT_PROJECT_VERSION = 2.0.1;
				DEVELOPMENT_TEAM = WSK3376L7S;
				ENABLE_APP_SANDBOX = YES;
				ENABLE_HARDENED_RUNTIME = YES;
				ENABLE_OUTGOING_NETWORK_CONNECTIONS = YES;
				ENABLE_PREVIEWS = YES;
				FRAMEWORK_SEARCH_PATHS = "";
				GENERATE_INFOPLIST_FILE = YES;
				INFOPLIST_FILE = YABA/Info.plist;
				INFOPLIST_KEY_CFBundleDisplayName = YABA;
				INFOPLIST_KEY_ITSAppUsesNonExemptEncryption = NO;
				INFOPLIST_KEY_LSApplicationCategoryType = "public.app-category.utilities";
				INFOPLIST_KEY_NSHumanReadableCopyright = "2025 Subfly Developer - Ali Taha Dinçer";
				INFOPLIST_KEY_NSLocalNetworkUsageDescription = "YABA needs network discovery permission to sync your content across your devices.";
				"INFOPLIST_KEY_UIApplicationSceneManifest_Generation[sdk=iphoneos*]" = YES;
				"INFOPLIST_KEY_UIApplicationSceneManifest_Generation[sdk=iphonesimulator*]" = YES;
				"INFOPLIST_KEY_UIApplicationSupportsIndirectInputEvents[sdk=iphoneos*]" = YES;
				"INFOPLIST_KEY_UIApplicationSupportsIndirectInputEvents[sdk=iphonesimulator*]" = YES;
				"INFOPLIST_KEY_UILaunchScreen_Generation[sdk=iphoneos*]" = YES;
				"INFOPLIST_KEY_UILaunchScreen_Generation[sdk=iphonesimulator*]" = YES;
				INFOPLIST_KEY_UIStatusBarStyle = "";
				"INFOPLIST_KEY_UIStatusBarStyle[sdk=iphoneos*]" = UIStatusBarStyleDefault;
				"INFOPLIST_KEY_UIStatusBarStyle[sdk=iphonesimulator*]" = UIStatusBarStyleDefault;
				INFOPLIST_KEY_UISupportedInterfaceOrientations = UIInterfaceOrientationPortrait;
				INFOPLIST_KEY_UISupportedInterfaceOrientations_iPad = "UIInterfaceOrientationLandscapeLeft UIInterfaceOrientationLandscapeRight UIInterfaceOrientationPortrait UIInterfaceOrientationPortraitUpsideDown";
				IPHONEOS_DEPLOYMENT_TARGET = 26.0;
				LD_RUNPATH_SEARCH_PATHS = "@executable_path/Frameworks";
				"LD_RUNPATH_SEARCH_PATHS[sdk=macosx*]" = "@executable_path/../Frameworks";
				MACOSX_DEPLOYMENT_TARGET = 15.0;
				MARKETING_VERSION = 1.5;
				PRODUCT_BUNDLE_IDENTIFIER = dev.subfly.YABA;
				PRODUCT_NAME = "$(TARGET_NAME)";
				PROVISIONING_PROFILE_SPECIFIER = "";
				REGISTER_APP_GROUPS = YES;
				SDKROOT = auto;
				SUPPORTED_PLATFORMS = "iphoneos iphonesimulator";
				SUPPORTS_MACCATALYST = YES;
				SUPPORTS_MAC_DESIGNED_FOR_IPHONE_IPAD = NO;
				SWIFT_EMIT_LOC_STRINGS = YES;
				SWIFT_MODULES_AUTOLINK = YES;
				SWIFT_OBJC_BRIDGING_HEADER = "";
				SWIFT_VERSION = 5.0;
				TARGETED_DEVICE_FAMILY = "1,2";
				XROS_DEPLOYMENT_TARGET = 2.0;
			};
			name = Release;
		};
		96A8E0BA2DB5CAFF00A47601 /* Debug */ = {
			isa = XCBuildConfiguration;
			buildSettings = {
				ALLOW_TARGET_PLATFORM_SPECIALIZATION = YES;
				CODE_SIGN_ENTITLEMENTS = YABAShare/YABAShare.entitlements;
				CODE_SIGN_STYLE = Automatic;
				CURRENT_PROJECT_VERSION = 2.0.1;
				DEVELOPMENT_TEAM = WSK3376L7S;
				GENERATE_INFOPLIST_FILE = YES;
				INFOPLIST_FILE = YABAShare/Info.plist;
				INFOPLIST_KEY_CFBundleDisplayName = YABA;
				INFOPLIST_KEY_NSHumanReadableCopyright = "YABA Share";
				INSTALL_PATH = "";
				IPHONEOS_DEPLOYMENT_TARGET = 26.0;
				LD_RUNPATH_SEARCH_PATHS = (
					"$(inherited)",
					"@executable_path/Frameworks",
					"@executable_path/../../Frameworks",
				);
				MARKETING_VERSION = 1.5;
				OTHER_SWIFT_FLAGS = "";
				PRODUCT_BUNDLE_IDENTIFIER = dev.subfly.YABA.YABAShare;
				PRODUCT_NAME = "$(TARGET_NAME)";
				SDKROOT = iphoneos;
				SKIP_INSTALL = YES;
				STRIP_INSTALLED_PRODUCT = YES;
				SUPPORTED_PLATFORMS = "iphoneos iphonesimulator";
				SUPPORTS_MACCATALYST = YES;
				SUPPORTS_MAC_DESIGNED_FOR_IPHONE_IPAD = NO;
				SUPPORTS_XR_DESIGNED_FOR_IPHONE_IPAD = NO;
				SWIFT_ACTIVE_COMPILATION_CONDITIONS = "SHARE_EXTENSION DEBUG $(inherited)";
				SWIFT_EMIT_LOC_STRINGS = YES;
				SWIFT_VERSION = 5.0;
				TARGETED_DEVICE_FAMILY = "1,2,6";
				VALIDATE_PRODUCT = YES;
			};
			name = Debug;
		};
		96A8E0BB2DB5CAFF00A47601 /* Release */ = {
			isa = XCBuildConfiguration;
			buildSettings = {
				ALLOW_TARGET_PLATFORM_SPECIALIZATION = YES;
				CODE_SIGN_ENTITLEMENTS = YABAShare/YABAShare.entitlements;
				CODE_SIGN_STYLE = Automatic;
				CURRENT_PROJECT_VERSION = 2.0.1;
				DEVELOPMENT_TEAM = WSK3376L7S;
				GENERATE_INFOPLIST_FILE = YES;
				INFOPLIST_FILE = YABAShare/Info.plist;
				INFOPLIST_KEY_CFBundleDisplayName = YABA;
				INFOPLIST_KEY_NSHumanReadableCopyright = "YABA Share";
				INSTALL_PATH = "";
				IPHONEOS_DEPLOYMENT_TARGET = 26.0;
				LD_RUNPATH_SEARCH_PATHS = (
					"$(inherited)",
					"@executable_path/Frameworks",
					"@executable_path/../../Frameworks",
				);
				MARKETING_VERSION = 1.5;
				OTHER_SWIFT_FLAGS = "";
				PRODUCT_BUNDLE_IDENTIFIER = dev.subfly.YABA.YABAShare;
				PRODUCT_NAME = "$(TARGET_NAME)";
				SDKROOT = iphoneos;
				SKIP_INSTALL = YES;
				STRIP_INSTALLED_PRODUCT = YES;
				SUPPORTED_PLATFORMS = "iphoneos iphonesimulator";
				SUPPORTS_MACCATALYST = YES;
				SUPPORTS_MAC_DESIGNED_FOR_IPHONE_IPAD = NO;
				SUPPORTS_XR_DESIGNED_FOR_IPHONE_IPAD = NO;
				SWIFT_ACTIVE_COMPILATION_CONDITIONS = SHARE_EXTENSION;
				SWIFT_EMIT_LOC_STRINGS = YES;
				SWIFT_VERSION = 5.0;
				TARGETED_DEVICE_FAMILY = "1,2,6";
				VALIDATE_PRODUCT = YES;
			};
			name = Release;
		};
		96EA39752E56380700B8411D /* Debug */ = {
			isa = XCBuildConfiguration;
			buildSettings = {
				CODE_SIGN_ENTITLEMENTS = YABAKeyboard/YABAKeyboard.entitlements;
				CODE_SIGN_IDENTITY = "Apple Development";
				CODE_SIGN_STYLE = Automatic;
				CURRENT_PROJECT_VERSION = 2.0.1;
				DEVELOPMENT_TEAM = WSK3376L7S;
				GENERATE_INFOPLIST_FILE = YES;
				INFOPLIST_FILE = YABAKeyboard/Info.plist;
				INFOPLIST_KEY_CFBundleDisplayName = "YABA Keyboard";
				INFOPLIST_KEY_NSHumanReadableCopyright = "";
				IPHONEOS_DEPLOYMENT_TARGET = 26.0;
				LD_RUNPATH_SEARCH_PATHS = (
					"$(inherited)",
					"@executable_path/Frameworks",
					"@executable_path/../../Frameworks",
				);
				MARKETING_VERSION = 1.5;
				OTHER_SWIFT_FLAGS = KEYBOARD_EXTENSION;
				"OTHER_SWIFT_FLAGS[arch=*]" = "";
				PRODUCT_BUNDLE_IDENTIFIER = dev.subfly.YABA.YABAKeyboard;
				PRODUCT_NAME = "$(TARGET_NAME)";
				SDKROOT = iphoneos;
				SKIP_INSTALL = YES;
				SUPPORTED_PLATFORMS = "iphoneos iphonesimulator";
				SUPPORTS_MACCATALYST = NO;
				SUPPORTS_XR_DESIGNED_FOR_IPHONE_IPAD = NO;
				SWIFT_ACTIVE_COMPILATION_CONDITIONS = "KEYBOARD_EXTENSION DEBUG $(inherited)";
				SWIFT_EMIT_LOC_STRINGS = YES;
				SWIFT_VERSION = 5.0;
				TARGETED_DEVICE_FAMILY = "1,2";
			};
			name = Debug;
		};
		96EA39762E56380700B8411D /* Release */ = {
			isa = XCBuildConfiguration;
			buildSettings = {
				CODE_SIGN_ENTITLEMENTS = YABAKeyboard/YABAKeyboard.entitlements;
				CODE_SIGN_IDENTITY = "Apple Development";
				CODE_SIGN_STYLE = Automatic;
				CURRENT_PROJECT_VERSION = 2.0.1;
				DEVELOPMENT_TEAM = WSK3376L7S;
				GENERATE_INFOPLIST_FILE = YES;
				INFOPLIST_FILE = YABAKeyboard/Info.plist;
				INFOPLIST_KEY_CFBundleDisplayName = "YABA Keyboard";
				INFOPLIST_KEY_NSHumanReadableCopyright = "";
				IPHONEOS_DEPLOYMENT_TARGET = 26.0;
				LD_RUNPATH_SEARCH_PATHS = (
					"$(inherited)",
					"@executable_path/Frameworks",
					"@executable_path/../../Frameworks",
				);
				MARKETING_VERSION = 1.5;
				OTHER_SWIFT_FLAGS = KEYBOARD_EXTENSION;
				"OTHER_SWIFT_FLAGS[arch=*]" = "";
				PRODUCT_BUNDLE_IDENTIFIER = dev.subfly.YABA.YABAKeyboard;
				PRODUCT_NAME = "$(TARGET_NAME)";
				SDKROOT = iphoneos;
				SKIP_INSTALL = YES;
				SUPPORTED_PLATFORMS = "iphoneos iphonesimulator";
				SUPPORTS_MACCATALYST = NO;
				SUPPORTS_XR_DESIGNED_FOR_IPHONE_IPAD = NO;
				SWIFT_ACTIVE_COMPILATION_CONDITIONS = KEYBOARD_EXTENSION;
				SWIFT_EMIT_LOC_STRINGS = YES;
				SWIFT_VERSION = 5.0;
				TARGETED_DEVICE_FAMILY = "1,2";
				VALIDATE_PRODUCT = YES;
			};
			name = Release;
		};
		96EA39CF2E58EB9000B8411D /* Debug */ = {
			isa = XCBuildConfiguration;
			buildSettings = {
				ASSETCATALOG_COMPILER_GLOBAL_ACCENT_COLOR_NAME = AccentColor;
				ASSETCATALOG_COMPILER_WIDGET_BACKGROUND_COLOR_NAME = WidgetBackground;
				CODE_SIGN_ENTITLEMENTS = YABAWidgets/YABAWidgets.entitlements;
				CODE_SIGN_IDENTITY = "Apple Development";
				CODE_SIGN_STYLE = Automatic;
				CURRENT_PROJECT_VERSION = 2.0.1;
				DEVELOPMENT_TEAM = WSK3376L7S;
				ENABLE_HARDENED_RUNTIME = YES;
				GENERATE_INFOPLIST_FILE = YES;
				INFOPLIST_FILE = YABAWidgets/Info.plist;
				INFOPLIST_KEY_CFBundleDisplayName = "YABA Widgets";
				INFOPLIST_KEY_NSHumanReadableCopyright = "";
				IPHONEOS_DEPLOYMENT_TARGET = 26.0;
				LD_RUNPATH_SEARCH_PATHS = (
					"$(inherited)",
					"@executable_path/Frameworks",
					"@executable_path/../../Frameworks",
				);
				"LD_RUNPATH_SEARCH_PATHS[sdk=macosx*]" = (
					"$(inherited)",
					"@executable_path/../Frameworks",
					"@executable_path/../../../../Frameworks",
				);
				MACOSX_DEPLOYMENT_TARGET = 26.0;
				MARKETING_VERSION = 1.5;
				PRODUCT_BUNDLE_IDENTIFIER = dev.subfly.YABA.YABAWidgets;
				PRODUCT_NAME = "$(TARGET_NAME)";
				REGISTER_APP_GROUPS = YES;
				SDKROOT = auto;
				SKIP_INSTALL = YES;
				SUPPORTED_PLATFORMS = "iphoneos iphonesimulator macosx";
				SUPPORTS_MACCATALYST = NO;
				SWIFT_ACTIVE_COMPILATION_CONDITIONS = "DEBUG $(inherited) WIDGET_EXTENSION";
				SWIFT_EMIT_LOC_STRINGS = YES;
				SWIFT_VERSION = 5.0;
				TARGETED_DEVICE_FAMILY = "1,2";
				XROS_DEPLOYMENT_TARGET = 2.0;
			};
			name = Debug;
		};
		96EA39D02E58EB9000B8411D /* Release */ = {
			isa = XCBuildConfiguration;
			buildSettings = {
				ASSETCATALOG_COMPILER_GLOBAL_ACCENT_COLOR_NAME = AccentColor;
				ASSETCATALOG_COMPILER_WIDGET_BACKGROUND_COLOR_NAME = WidgetBackground;
				CODE_SIGN_ENTITLEMENTS = YABAWidgets/YABAWidgets.entitlements;
				CODE_SIGN_IDENTITY = "Apple Development";
				CODE_SIGN_STYLE = Automatic;
				CURRENT_PROJECT_VERSION = 2.0.1;
				DEVELOPMENT_TEAM = WSK3376L7S;
				ENABLE_HARDENED_RUNTIME = YES;
				GENERATE_INFOPLIST_FILE = YES;
				INFOPLIST_FILE = YABAWidgets/Info.plist;
				INFOPLIST_KEY_CFBundleDisplayName = "YABA Widgets";
				INFOPLIST_KEY_NSHumanReadableCopyright = "";
				IPHONEOS_DEPLOYMENT_TARGET = 26.0;
				LD_RUNPATH_SEARCH_PATHS = (
					"$(inherited)",
					"@executable_path/Frameworks",
					"@executable_path/../../Frameworks",
				);
				"LD_RUNPATH_SEARCH_PATHS[sdk=macosx*]" = (
					"$(inherited)",
					"@executable_path/../Frameworks",
					"@executable_path/../../../../Frameworks",
				);
				MACOSX_DEPLOYMENT_TARGET = 26.0;
				MARKETING_VERSION = 1.5;
				PRODUCT_BUNDLE_IDENTIFIER = dev.subfly.YABA.YABAWidgets;
				PRODUCT_NAME = "$(TARGET_NAME)";
				REGISTER_APP_GROUPS = YES;
				SDKROOT = auto;
				SKIP_INSTALL = YES;
				SUPPORTED_PLATFORMS = "iphoneos iphonesimulator macosx";
				SUPPORTS_MACCATALYST = NO;
				"SWIFT_ACTIVE_COMPILATION_CONDITIONS[arch=*]" = WIDGET_EXTENSION;
				SWIFT_EMIT_LOC_STRINGS = YES;
				SWIFT_VERSION = 5.0;
				TARGETED_DEVICE_FAMILY = "1,2";
				XROS_DEPLOYMENT_TARGET = 2.0;
			};
			name = Release;
		};
/* End XCBuildConfiguration section */

/* Begin XCConfigurationList section */
		967B9A562DD8D3F000181AA1 /* Build configuration list for PBXNativeTarget "YABAStatusMenuItem" */ = {
			isa = XCConfigurationList;
			buildConfigurations = (
				967B9A572DD8D3F000181AA1 /* Debug */,
				967B9A582DD8D3F000181AA1 /* Release */,
			);
			defaultConfigurationIsVisible = 0;
			defaultConfigurationName = Release;
		};
		96A8DFBD2DB2F5A500A47601 /* Build configuration list for PBXProject "YABA" */ = {
			isa = XCConfigurationList;
			buildConfigurations = (
				96A8DFCE2DB2F5A600A47601 /* Debug */,
				96A8DFCF2DB2F5A600A47601 /* Release */,
			);
			defaultConfigurationIsVisible = 0;
			defaultConfigurationName = Release;
		};
		96A8DFD02DB2F5A600A47601 /* Build configuration list for PBXNativeTarget "YABA" */ = {
			isa = XCConfigurationList;
			buildConfigurations = (
				96A8DFD12DB2F5A600A47601 /* Debug */,
				96A8DFD22DB2F5A600A47601 /* Release */,
			);
			defaultConfigurationIsVisible = 0;
			defaultConfigurationName = Release;
		};
		96A8E0B92DB5CAFF00A47601 /* Build configuration list for PBXNativeTarget "YABAShare" */ = {
			isa = XCConfigurationList;
			buildConfigurations = (
				96A8E0BA2DB5CAFF00A47601 /* Debug */,
				96A8E0BB2DB5CAFF00A47601 /* Release */,
			);
			defaultConfigurationIsVisible = 0;
			defaultConfigurationName = Release;
		};
		96EA39742E56380700B8411D /* Build configuration list for PBXNativeTarget "YABAKeyboard" */ = {
			isa = XCConfigurationList;
			buildConfigurations = (
				96EA39752E56380700B8411D /* Debug */,
				96EA39762E56380700B8411D /* Release */,
			);
			defaultConfigurationIsVisible = 0;
			defaultConfigurationName = Release;
		};
		96EA39CE2E58EB9000B8411D /* Build configuration list for PBXNativeTarget "YABAWidgetsExtension" */ = {
			isa = XCConfigurationList;
			buildConfigurations = (
				96EA39CF2E58EB9000B8411D /* Debug */,
				96EA39D02E58EB9000B8411D /* Release */,
			);
			defaultConfigurationIsVisible = 0;
			defaultConfigurationName = Release;
		};
/* End XCConfigurationList section */

/* Begin XCRemoteSwiftPackageReference section */
		962FBBB12FB08888001B7AA2 /* XCRemoteSwiftPackageReference "Zip" */ = {
			isa = XCRemoteSwiftPackageReference;
			repositoryURL = "https://github.com/marmelroy/Zip.git";
			requirement = {
				kind = upToNextMajorVersion;
				minimumVersion = 2.1.2;
			};
		};
		96DCA2452F9D6FD6005760E3 /* XCRemoteSwiftPackageReference "SwiftSoup" */ = {
			isa = XCRemoteSwiftPackageReference;
			repositoryURL = "https://github.com/scinfu/SwiftSoup";
			requirement = {
				kind = upToNextMajorVersion;
				minimumVersion = 2.13.4;
			};
		};
		96EB26D02FAE65A0001B7DB4 /* XCRemoteSwiftPackageReference "SwiftCSV" */ = {
			isa = XCRemoteSwiftPackageReference;
			repositoryURL = "https://github.com/swiftcsv/SwiftCSV";
			requirement = {
				kind = upToNextMajorVersion;
				minimumVersion = 0.10.0;
			};
		};
		96EB27002FAF381A001B7DB4 /* XCRemoteSwiftPackageReference "swift-toolkit" */ = {
			isa = XCRemoteSwiftPackageReference;
			repositoryURL = "https://github.com/readium/swift-toolkit";
			requirement = {
				kind = upToNextMajorVersion;
				minimumVersion = 3.8.0;
			};
		};
/* End XCRemoteSwiftPackageReference section */

/* Begin XCSwiftPackageProductDependency section */
		962FBBB22FB08888001B7AA2 /* Zip */ = {
			isa = XCSwiftPackageProductDependency;
			package = 962FBBB12FB08888001B7AA2 /* XCRemoteSwiftPackageReference "Zip" */;
			productName = Zip;
		};
		96DCA2462F9D6FD6005760E3 /* SwiftSoup */ = {
			isa = XCSwiftPackageProductDependency;
			package = 96DCA2452F9D6FD6005760E3 /* XCRemoteSwiftPackageReference "SwiftSoup" */;
			productName = SwiftSoup;
		};
		96EB26D12FAE65A0001B7DB4 /* SwiftCSV */ = {
			isa = XCSwiftPackageProductDependency;
			package = 96EB26D02FAE65A0001B7DB4 /* XCRemoteSwiftPackageReference "SwiftCSV" */;
			productName = SwiftCSV;
		};
		96EB27012FAF381A001B7DB4 /* ReadiumNavigator */ = {
			isa = XCSwiftPackageProductDependency;
			package = 96EB27002FAF381A001B7DB4 /* XCRemoteSwiftPackageReference "swift-toolkit" */;
			productName = ReadiumNavigator;
		};
		96EB27032FAF381A001B7DB4 /* ReadiumShared */ = {
			isa = XCSwiftPackageProductDependency;
			package = 96EB27002FAF381A001B7DB4 /* XCRemoteSwiftPackageReference "swift-toolkit" */;
			productName = ReadiumShared;
		};
		96EB27052FAF381A001B7DB4 /* ReadiumStreamer */ = {
			isa = XCSwiftPackageProductDependency;
			package = 96EB27002FAF381A001B7DB4 /* XCRemoteSwiftPackageReference "swift-toolkit" */;
			productName = ReadiumStreamer;
		};
/* End XCSwiftPackageProductDependency section */
	};
	rootObject = 96A8DFBA2DB2F5A500A47601 /* Project object */;
}
